
Microsoft Visual Studio Solution File, Format Version 12.00
# Visual Studio 15
VisualStudioVersion = 15.0.28307.421
MinimumVisualStudioVersion = 10.0.40219.1
Project("{FAE04EC0-301F-11D3-BF4B-00C04F79EFBC}") = "322Mobile.Android", "322Mobile\322Mobile.Android\322Mobile.Android.csproj", "{30512DCE-49A8-45B4-A475-A61488056C02}"
EndProject
Project("{FAE04EC0-301F-11D3-BF4B-00C04F79EFBC}") = "322Mobile.iOS", "322Mobile\322Mobile.iOS\322Mobile.iOS.csproj", "{C48E05F3-16A5-44BE-87BA-6B12091ED409}"
EndProject
Project("{FAE04EC0-301F-11D3-BF4B-00C04F79EFBC}") = "322Mobile", "322Mobile\322Mobile\322Mobile.csproj", "{3FABEBEC-D702-47D4-830D-4C59763102FB}"
EndProject
Project("{2150E333-8FDC-42A3-9474-1A3956D46DE8}") = "Solution Items", "Solution Items", "{6010BDCC-A2DF-4C58-B4C4-9FBB1A2EC249}"
EndProject
Global
	GlobalSection(SolutionConfigurationPlatforms) = preSolution
		Ad-Hoc|Any CPU = Ad-Hoc|Any CPU
		Ad-Hoc|iPhone = Ad-Hoc|iPhone
		Ad-Hoc|iPhoneSimulator = Ad-Hoc|iPhoneSimulator
		AppStore|Any CPU = AppStore|Any CPU
		AppStore|iPhone = AppStore|iPhone
		AppStore|iPhoneSimulator = AppStore|iPhoneSimulator
		Debug|Any CPU = Debug|Any CPU
		Debug|iPhone = Debug|iPhone
		Debug|iPhoneSimulator = Debug|iPhoneSimulator
		Release|Any CPU = Release|Any CPU
		Release|iPhone = Release|iPhone
		Release|iPhoneSimulator = Release|iPhoneSimulator
	EndGlobalSection
	GlobalSection(ProjectConfigurationPlatforms) = postSolution
		{30512DCE-49A8-45B4-A475-A61488056C02}.Ad-Hoc|Any CPU.ActiveCfg = Release|Any CPU
		{30512DCE-49A8-45B4-A475-A61488056C02}.Ad-Hoc|Any CPU.Build.0 = Release|Any CPU
		{30512DCE-49A8-45B4-A475-A61488056C02}.Ad-Hoc|Any CPU.Deploy.0 = Release|Any CPU
		{30512DCE-49A8-45B4-A475-A61488056C02}.Ad-Hoc|iPhone.ActiveCfg = Release|Any CPU
		{30512DCE-49A8-45B4-A475-A61488056C02}.Ad-Hoc|iPhone.Build.0 = Release|Any CPU
		{30512DCE-49A8-45B4-A475-A61488056C02}.Ad-Hoc|iPhone.Deploy.0 = Release|Any CPU
		{30512DCE-49A8-45B4-A475-A61488056C02}.Ad-Hoc|iPhoneSimulator.ActiveCfg = Release|Any CPU
		{30512DCE-49A8-45B4-A475-A61488056C02}.Ad-Hoc|iPhoneSimulator.Build.0 = Release|Any CPU
		{30512DCE-49A8-45B4-A475-A61488056C02}.Ad-Hoc|iPhoneSimulator.Deploy.0 = Release|Any CPU
		{30512DCE-49A8-45B4-A475-A61488056C02}.AppStore|Any CPU.ActiveCfg = Release|Any CPU
		{30512DCE-49A8-45B4-A475-A61488056C02}.AppStore|Any CPU.Build.0 = Release|Any CPU
		{30512DCE-49A8-45B4-A475-A61488056C02}.AppStore|Any CPU.Deploy.0 = Release|Any CPU
		{30512DCE-49A8-45B4-A475-A61488056C02}.AppStore|iPhone.ActiveCfg = Release|Any CPU
		{30512DCE-49A8-45B4-A475-A61488056C02}.AppStore|iPhone.Build.0 = Release|Any CPU
		{30512DCE-49A8-45B4-A475-A61488056C02}.AppStore|iPhone.Deploy.0 = Release|Any CPU
		{30512DCE-49A8-45B4-A475-A61488056C02}.AppStore|iPhoneSimulator.ActiveCfg = Release|Any CPU
		{30512DCE-49A8-45B4-A475-A61488056C02}.AppStore|iPhoneSimulator.Build.0 = Release|Any CPU
		{30512DCE-49A8-45B4-A475-A61488056C02}.AppStore|iPhoneSimulator.Deploy.0 = Release|Any CPU
		{30512DCE-49A8-45B4-A475-A61488056C02}.Debug|Any CPU.ActiveCfg = Debug|Any CPU
		{30512DCE-49A8-45B4-A475-A61488056C02}.Debug|Any CPU.Build.0 = Debug|Any CPU
		{30512DCE-49A8-45B4-A475-A61488056C02}.Debug|Any CPU.Deploy.0 = Debug|Any CPU
		{30512DCE-49A8-45B4-A475-A61488056C02}.Debug|iPhone.ActiveCfg = Debug|Any CPU
		{30512DCE-49A8-45B4-A475-A61488056C02}.Debug|iPhone.Build.0 = Debug|Any CPU
		{30512DCE-49A8-45B4-A475-A61488056C02}.Debug|iPhone.Deploy.0 = Debug|Any CPU
		{30512DCE-49A8-45B4-A475-A61488056C02}.Debug|iPhoneSimulator.ActiveCfg = Debug|Any CPU
		{30512DCE-49A8-45B4-A475-A61488056C02}.Debug|iPhoneSimulator.Build.0 = Debug|Any CPU
		{30512DCE-49A8-45B4-A475-A61488056C02}.Debug|iPhoneSimulator.Deploy.0 = Debug|Any CPU
		{30512DCE-49A8-45B4-A475-A61488056C02}.Release|Any CPU.ActiveCfg = Release|Any CPU
		{30512DCE-49A8-45B4-A475-A61488056C02}.Release|Any CPU.Build.0 = Release|Any CPU
		{30512DCE-49A8-45B4-A475-A61488056C02}.Release|Any CPU.Deploy.0 = Release|Any CPU
		{30512DCE-49A8-45B4-A475-A61488056C02}.Release|iPhone.ActiveCfg = Release|Any CPU
		{30512DCE-49A8-45B4-A475-A61488056C02}.Release|iPhone.Build.0 = Release|Any CPU
		{30512DCE-49A8-45B4-A475-A61488056C02}.Release|iPhone.Deploy.0 = Release|Any CPU
		{30512DCE-49A8-45B4-A475-A61488056C02}.Release|iPhoneSimulator.ActiveCfg = Release|Any CPU
		{30512DCE-49A8-45B4-A475-A61488056C02}.Release|iPhoneSimulator.Build.0 = Release|Any CPU
		{30512DCE-49A8-45B4-A475-A61488056C02}.Release|iPhoneSimulator.Deploy.0 = Release|Any CPU
		{C48E05F3-16A5-44BE-87BA-6B12091ED409}.Ad-Hoc|Any CPU.ActiveCfg = Ad-Hoc|iPhone
		{C48E05F3-16A5-44BE-87BA-6B12091ED409}.Ad-Hoc|Any CPU.Build.0 = Ad-Hoc|iPhone
		{C48E05F3-16A5-44BE-87BA-6B12091ED409}.Ad-Hoc|Any CPU.Deploy.0 = Ad-Hoc|iPhone
		{C48E05F3-16A5-44BE-87BA-6B12091ED409}.Ad-Hoc|iPhone.ActiveCfg = Ad-Hoc|iPhone
		{C48E05F3-16A5-44BE-87BA-6B12091ED409}.Ad-Hoc|iPhone.Build.0 = Ad-Hoc|iPhone
		{C48E05F3-16A5-44BE-87BA-6B12091ED409}.Ad-Hoc|iPhone.Deploy.0 = Ad-Hoc|iPhone
		{C48E05F3-16A5-44BE-87BA-6B12091ED409}.Ad-Hoc|iPhoneSimulator.ActiveCfg = Ad-Hoc|iPhoneSimulator
		{C48E05F3-16A5-44BE-87BA-6B12091ED409}.Ad-Hoc|iPhoneSimulator.Build.0 = Ad-Hoc|iPhoneSimulator
		{C48E05F3-16A5-44BE-87BA-6B12091ED409}.Ad-Hoc|iPhoneSimulator.Deploy.0 = Ad-Hoc|iPhoneSimulator
		{C48E05F3-16A5-44BE-87BA-6B12091ED409}.AppStore|Any CPU.ActiveCfg = AppStore|iPhone
		{C48E05F3-16A5-44BE-87BA-6B12091ED409}.AppStore|Any CPU.Build.0 = AppStore|iPhone
		{C48E05F3-16A5-44BE-87BA-6B12091ED409}.AppStore|Any CPU.Deploy.0 = AppStore|iPhone
		{C48E05F3-16A5-44BE-87BA-6B12091ED409}.AppStore|iPhone.ActiveCfg = AppStore|iPhone
		{C48E05F3-16A5-44BE-87BA-6B12091ED409}.AppStore|iPhone.Build.0 = AppStore|iPhone
		{C48E05F3-16A5-44BE-87BA-6B12091ED409}.AppStore|iPhone.Deploy.0 = AppStore|iPhone
		{C48E05F3-16A5-44BE-87BA-6B12091ED409}.AppStore|iPhoneSimulator.ActiveCfg = AppStore|iPhoneSimulator
		{C48E05F3-16A5-44BE-87BA-6B12091ED409}.AppStore|iPhoneSimulator.Build.0 = AppStore|iPhoneSimulator
		{C48E05F3-16A5-44BE-87BA-6B12091ED409}.AppStore|iPhoneSimulator.Deploy.0 = AppStore|iPhoneSimulator
		{C48E05F3-16A5-44BE-87BA-6B12091ED409}.Debug|Any CPU.ActiveCfg = Debug|iPhoneSimulator
		{C48E05F3-16A5-44BE-87BA-6B12091ED409}.Debug|Any CPU.Build.0 = Debug|iPhoneSimulator
		{C48E05F3-16A5-44BE-87BA-6B12091ED409}.Debug|Any CPU.Deploy.0 = Debug|iPhoneSimulator
		{C48E05F3-16A5-44BE-87BA-6B12091ED409}.Debug|iPhone.ActiveCfg = Debug|iPhone
		{C48E05F3-16A5-44BE-87BA-6B12091ED409}.Debug|iPhone.Build.0 = Debug|iPhone
		{C48E05F3-16A5-44BE-87BA-6B12091ED409}.Debug|iPhone.Deploy.0 = Debug|iPhone
		{C48E05F3-16A5-44BE-87BA-6B12091ED409}.Debug|iPhoneSimulator.ActiveCfg = Debug|iPhoneSimulator
		{C48E05F3-16A5-44BE-87BA-6B12091ED409}.Debug|iPhoneSimulator.Build.0 = Debug|iPhoneSimulator
		{C48E05F3-16A5-44BE-87BA-6B12091ED409}.Debug|iPhoneSimulator.Deploy.0 = Debug|iPhoneSimulator
		{C48E05F3-16A5-44BE-87BA-6B12091ED409}.Release|Any CPU.ActiveCfg = Release|iPhone
		{C48E05F3-16A5-44BE-87BA-6B12091ED409}.Release|Any CPU.Build.0 = Release|iPhone
		{C48E05F3-16A5-44BE-87BA-6B12091ED409}.Release|Any CPU.Deploy.0 = Release|iPhone
		{C48E05F3-16A5-44BE-87BA-6B12091ED409}.Release|iPhone.ActiveCfg = Release|iPhone
		{C48E05F3-16A5-44BE-87BA-6B12091ED409}.Release|iPhone.Build.0 = Release|iPhone
		{C48E05F3-16A5-44BE-87BA-6B12091ED409}.Release|iPhone.Deploy.0 = Release|iPhone
		{C48E05F3-16A5-44BE-87BA-6B12091ED409}.Release|iPhoneSimulator.ActiveCfg = Release|iPhoneSimulator
		{C48E05F3-16A5-44BE-87BA-6B12091ED409}.Release|iPhoneSimulator.Build.0 = Release|iPhoneSimulator
		{C48E05F3-16A5-44BE-87BA-6B12091ED409}.Release|iPhoneSimulator.Deploy.0 = Release|iPhoneSimulator
		{3FABEBEC-D702-47D4-830D-4C59763102FB}.Ad-Hoc|Any CPU.ActiveCfg = Debug|Any CPU
		{3FABEBEC-D702-47D4-830D-4C59763102FB}.Ad-Hoc|Any CPU.Build.0 = Debug|Any CPU
		{3FABEBEC-D702-47D4-830D-4C59763102FB}.Ad-Hoc|Any CPU.Deploy.0 = Debug|Any CPU
		{3FABEBEC-D702-47D4-830D-4C59763102FB}.Ad-Hoc|iPhone.ActiveCfg = Debug|Any CPU
		{3FABEBEC-D702-47D4-830D-4C59763102FB}.Ad-Hoc|iPhone.Build.0 = Debug|Any CPU
		{3FABEBEC-D702-47D4-830D-4C59763102FB}.Ad-Hoc|iPhone.Deploy.0 = Debug|Any CPU
		{3FABEBEC-D702-47D4-830D-4C59763102FB}.Ad-Hoc|iPhoneSimulator.ActiveCfg = Debug|Any CPU
		{3FABEBEC-D702-47D4-830D-4C59763102FB}.Ad-Hoc|iPhoneSimulator.Build.0 = Debug|Any CPU
		{3FABEBEC-D702-47D4-830D-4C59763102FB}.Ad-Hoc|iPhoneSimulator.Deploy.0 = Debug|Any CPU
		{3FABEBEC-D702-47D4-830D-4C59763102FB}.AppStore|Any CPU.ActiveCfg = Debug|Any CPU
		{3FABEBEC-D702-47D4-830D-4C59763102FB}.AppStore|Any CPU.Build.0 = Debug|Any CPU
		{3FABEBEC-D702-47D4-830D-4C59763102FB}.AppStore|Any CPU.Deploy.0 = Debug|Any CPU
		{3FABEBEC-D702-47D4-830D-4C59763102FB}.AppStore|iPhone.ActiveCfg = Debug|Any CPU
		{3FABEBEC-D702-47D4-830D-4C59763102FB}.AppStore|iPhone.Build.0 = Debug|Any CPU
		{3FABEBEC-D702-47D4-830D-4C59763102FB}.AppStore|iPhone.Deploy.0 = Debug|Any CPU
		{3FABEBEC-D702-47D4-830D-4C59763102FB}.AppStore|iPhoneSimulator.ActiveCfg = Debug|Any CPU
		{3FABEBEC-D702-47D4-830D-4C59763102FB}.AppStore|iPhoneSimulator.Build.0 = Debug|Any CPU
		{3FABEBEC-D702-47D4-830D-4C59763102FB}.AppStore|iPhoneSimulator.Deploy.0 = Debug|Any CPU
		{3FABEBEC-D702-47D4-830D-4C59763102FB}.Debug|Any CPU.ActiveCfg = Debug|Any CPU
		{3FABEBEC-D702-47D4-830D-4C59763102FB}.Debug|Any CPU.Build.0 = Debug|Any CPU
		{3FABEBEC-D702-47D4-830D-4C59763102FB}.Debug|Any CPU.Deploy.0 = Debug|Any CPU
		{3FABEBEC-D702-47D4-830D-4C59763102FB}.Debug|iPhone.ActiveCfg = Debug|Any CPU
		{3FABEBEC-D702-47D4-830D-4C59763102FB}.Debug|iPhone.Build.0 = Debug|Any CPU
		{3FABEBEC-D702-47D4-830D-4C59763102FB}.Debug|iPhone.Deploy.0 = Debug|Any CPU
		{3FABEBEC-D702-47D4-830D-4C59763102FB}.Debug|iPhoneSimulator.ActiveCfg = Debug|Any CPU
		{3FABEBEC-D702-47D4-830D-4C59763102FB}.Debug|iPhoneSimulator.Build.0 = Debug|Any CPU
		{3FABEBEC-D702-47D4-830D-4C59763102FB}.Debug|iPhoneSimulator.Deploy.0 = Debug|Any CPU
		{3FABEBEC-D702-47D4-830D-4C59763102FB}.Release|Any CPU.ActiveCfg = Release|Any CPU
		{3FABEBEC-D702-47D4-830D-4C59763102FB}.Release|Any CPU.Build.0 = Release|Any CPU
		{3FABEBEC-D702-47D4-830D-4C59763102FB}.Release|Any CPU.Deploy.0 = Release|Any CPU
		{3FABEBEC-D702-47D4-830D-4C59763102FB}.Release|iPhone.ActiveCfg = Release|Any CPU
		{3FABEBEC-D702-47D4-830D-4C59763102FB}.Release|iPhone.Build.0 = Release|Any CPU
		{3FABEBEC-D702-47D4-830D-4C59763102FB}.Release|iPhone.Deploy.0 = Release|Any CPU
		{3FABEBEC-D702-47D4-830D-4C59763102FB}.Release|iPhoneSimulator.ActiveCfg = Release|Any CPU
		{3FABEBEC-D702-47D4-830D-4C59763102FB}.Release|iPhoneSimulator.Build.0 = Release|Any CPU
		{3FABEBEC-D702-47D4-830D-4C59763102FB}.Release|iPhoneSimulator.Deploy.0 = Release|Any CPU
	EndGlobalSection
	GlobalSection(SolutionProperties) = preSolution
		HideSolutionNode = FALSE
	EndGlobalSection
	GlobalSection(ExtensibilityGlobals) = postSolution
		SolutionGuid = {8F428CC3-797A-4228-A083-C8B9772B0E46}
	EndGlobalSection
	GlobalSection(MonoDevelopProperties) = preSolution
		Policies = $0
		$0.TextStylePolicy = $1
		$1.FileWidth = 80
		$1.TabWidth = 2
		$1.TabsToSpaces = True
		$1.IndentWidth = 2
		$1.scope = text/x-csharp
		$0.CSharpFormattingPolicy = $2
		$2.scope = text/x-csharp
		$0.TextStylePolicy = $3
		$3.inheritsSet = null
		$3.scope = text/x-json
		$0.JSONFormattingPolicy = $4
		$4.AutoStructureCompletion = True
		$4.BracePositions = SemiExpanded
		$4.FormatOnPaste = True
		$4.scope = text/x-json
		$0.TextStylePolicy = $5
		$5.FileWidth = 80
		$5.TabWidth = 2
		$5.TabsToSpaces = True
		$5.IndentWidth = 2
		$5.scope = application/xaml+xml
		$0.XmlFormattingPolicy = $6
		$6.inheritsSet = null
		$6.scope = application/xaml+xml
		$0.StandardHeader = $7
	EndGlobalSection
EndGlobal
